
Microsoft Visual Studio Solution File, Format Version 12.00
# Visual Studio 14
VisualStudioVersion = 14.0.23107.0
MinimumVisualStudioVersion = 10.0.40219.1
Project("{FAE04EC0-301F-11D3-BF4B-00C04F79EFBC}") = "Idioms", "Idioms.csproj", "{711416D3-F741-47A4-9CE0-9CC372FAA040}"
EndProject
Project("{FAE04EC0-301F-11D3-BF4B-00C04F79EFBC}") = "ResourceManagement", "..\ResourceManagement\ResourceManagement.csproj", "{7E448E34-9758-4D7A-977C-16F816744199}"
EndProject
Project("{FAE04EC0-301F-11D3-BF4B-00C04F79EFBC}") = "ExpressingDesigns", "..\ExpressingDesigns\ExpressingDesigns.csproj", "{C1B281F6-9083-4088-9BB2-A18034A2F9E2}"
EndProject
Project("{FAE04EC0-301F-11D3-BF4B-00C04F79EFBC}") = "Framework", "..\Framework\Framework.csproj", "{9CC58306-E990-46EA-9B27-BC3E412FE7E5}"
EndProject
Project("{FAE04EC0-301F-11D3-BF4B-00C04F79EFBC}") = "DynamicProgramming", "..\DynamicProgramming\DynamicProgramming.csproj", "{ADD1F819-E3C6-4B00-BE4A-314D0ED4D042}"
EndProject
Global
	GlobalSection(SolutionConfigurationPlatforms) = preSolution
		Debug|Any CPU = Debug|Any CPU
		Release|Any CPU = Release|Any CPU
	EndGlobalSection
	GlobalSection(ProjectConfigurationPlatforms) = postSolution
		{711416D3-F741-47A4-9CE0-9CC372FAA040}.Debug|Any CPU.ActiveCfg = Debug|Any CPU
		{711416D3-F741-47A4-9CE0-9CC372FAA040}.Debug|Any CPU.Build.0 = Debug|Any CPU
		{711416D3-F741-47A4-9CE0-9CC372FAA040}.Release|Any CPU.ActiveCfg = Release|Any CPU
		{711416D3-F741-47A4-9CE0-9CC372FAA040}.Release|Any CPU.Build.0 = Release|Any CPU
		{7E448E34-9758-4D7A-977C-16F816744199}.Debug|Any CPU.ActiveCfg = Debug|Any CPU
		{7E448E34-9758-4D7A-977C-16F816744199}.Debug|Any CPU.Build.0 = Debug|Any CPU
		{7E448E34-9758-4D7A-977C-16F816744199}.Release|Any CPU.ActiveCfg = Release|Any CPU
		{7E448E34-9758-4D7A-977C-16F816744199}.Release|Any CPU.Build.0 = Release|Any CPU
		{C1B281F6-9083-4088-9BB2-A18034A2F9E2}.Debug|Any CPU.ActiveCfg = Debug|Any CPU
		{C1B281F6-9083-4088-9BB2-A18034A2F9E2}.Debug|Any CPU.Build.0 = Debug|Any CPU
		{C1B281F6-9083-4088-9BB2-A18034A2F9E2}.Release|Any CPU.ActiveCfg = Release|Any CPU
		{C1B281F6-9083-4088-9BB2-A18034A2F9E2}.Release|Any CPU.Build.0 = Release|Any CPU
		{9CC58306-E990-46EA-9B27-BC3E412FE7E5}.Debug|Any CPU.ActiveCfg = Debug|Any CPU
		{9CC58306-E990-46EA-9B27-BC3E412FE7E5}.Debug|Any CPU.Build.0 = Debug|Any CPU
		{9CC58306-E990-46EA-9B27-BC3E412FE7E5}.Release|Any CPU.ActiveCfg = Release|Any CPU
		{9CC58306-E990-46EA-9B27-BC3E412FE7E5}.Release|Any CPU.Build.0 = Release|Any CPU
		{ADD1F819-E3C6-4B00-BE4A-314D0ED4D042}.Debug|Any CPU.ActiveCfg = Debug|Any CPU
		{ADD1F819-E3C6-4B00-BE4A-314D0ED4D042}.Debug|Any CPU.Build.0 = Debug|Any CPU
		{ADD1F819-E3C6-4B00-BE4A-314D0ED4D042}.Release|Any CPU.ActiveCfg = Release|Any CPU
		{ADD1F819-E3C6-4B00-BE4A-314D0ED4D042}.Release|Any CPU.Build.0 = Release|Any CPU
	EndGlobalSection
	GlobalSection(SolutionProperties) = preSolution
		HideSolutionNode = FALSE
	EndGlobalSection
EndGlobal
